
Microsoft Visual Studio Solution File, Format Version 12.00
# Visual Studio Version 17
VisualStudioVersion = 17.10.34916.146
MinimumVisualStudioVersion = 10.0.40219.1
Project("{FAE04EC0-301F-11D3-BF4B-00C04F79EFBC}") = "CMCS_WebApplication", "CMCS_WebApplication\CMCS_WebApplication.csproj", "{846B98D4-14B1-44BF-B822-5FE985534DBD}"
EndProject
Global
	GlobalSection(SolutionConfigurationPlatforms) = preSolution
		Debug|Any CPU = Debug|Any CPU
		Release|Any CPU = Release|Any CPU
	EndGlobalSection
	GlobalSection(ProjectConfigurationPlatforms) = postSolution
		{846B98D4-14B1-44BF-B822-5FE985534DBD}.Debug|Any CPU.ActiveCfg = Debug|Any CPU
		{846B98D4-14B1-44BF-B822-5FE985534DBD}.Debug|Any CPU.Build.0 = Debug|Any CPU
		{846B98D4-14B1-44BF-B822-5FE985534DBD}.Release|Any CPU.ActiveCfg = Release|Any CPU
		{846B98D4-14B1-44BF-B822-5FE985534DBD}.Release|Any CPU.Build.0 = Release|Any CPU
	EndGlobalSection
	GlobalSection(SolutionProperties) = preSolution
		HideSolutionNode = FALSE
	EndGlobalSection
	GlobalSection(ExtensibilityGlobals) = postSolution
		SolutionGuid = {38003725-5C93-40F6-B442-0502BE4D7E07}
	EndGlobalSection
EndGlobal
